
Microsoft Visual Studio Solution File, Format Version 12.00
# Visual Studio Version 16
VisualStudioVersion = 16.0.29215.179
MinimumVisualStudioVersion = 10.0.40219.1
Project("{FAE04EC0-301F-11D3-BF4B-00C04F79EFBC}") = "AlteDemo", "AlteDemo.csproj", "{0951ACE9-F37D-4974-A2D8-C44E0C2E2AA6}"
EndProject
Global
	GlobalSection(SolutionConfigurationPlatforms) = preSolution
		Debug|Any CPU = Debug|Any CPU
		Release|Any CPU = Release|Any CPU
	EndGlobalSection
	GlobalSection(ProjectConfigurationPlatforms) = postSolution
		{0951ACE9-F37D-4974-A2D8-C44E0C2E2AA6}.Debug|Any CPU.ActiveCfg = Debug|Any CPU
		{0951ACE9-F37D-4974-A2D8-C44E0C2E2AA6}.Debug|Any CPU.Build.0 = Debug|Any CPU
		{0951ACE9-F37D-4974-A2D8-C44E0C2E2AA6}.Release|Any CPU.ActiveCfg = Release|Any CPU
		{0951ACE9-F37D-4974-A2D8-C44E0C2E2AA6}.Release|Any CPU.Build.0 = Release|Any CPU
	EndGlobalSection
	GlobalSection(SolutionProperties) = preSolution
		HideSolutionNode = FALSE
	EndGlobalSection
	GlobalSection(ExtensibilityGlobals) = postSolution
		SolutionGuid = {175C64BB-A317-42DA-95C8-670A16F3096E}
	EndGlobalSection
EndGlobal
